
Microsoft Visual Studio Solution File, Format Version 12.00
# Visual Studio Version 17
VisualStudioVersion = 17.7.34202.233
MinimumVisualStudioVersion = 10.0.40219.1
Project("{FAE04EC0-301F-11D3-BF4B-00C04F79EFBC}") = "StudentsPerformance", "StudentsPerfomance\StudentsPerformance.csproj", "{6C1D47E1-ADE8-4D4B-9C00-A6CEF93DCBC1}"
EndProject
Project("{FAE04EC0-301F-11D3-BF4B-00C04F79EFBC}") = "StudentsPerformance.Logic", "StudentsPerformance.Logic\StudentsPerformance.Logic.csproj", "{0C7D30AD-1E5B-4A0F-86FB-ED5B254C6DB4}"
EndProject
Global
	GlobalSection(SolutionConfigurationPlatforms) = preSolution
		Debug|Any CPU = Debug|Any CPU
		Release|Any CPU = Release|Any CPU
	EndGlobalSection
	GlobalSection(ProjectConfigurationPlatforms) = postSolution
		{6C1D47E1-ADE8-4D4B-9C00-A6CEF93DCBC1}.Debug|Any CPU.ActiveCfg = Debug|Any CPU
		{6C1D47E1-ADE8-4D4B-9C00-A6CEF93DCBC1}.Debug|Any CPU.Build.0 = Debug|Any CPU
		{6C1D47E1-ADE8-4D4B-9C00-A6CEF93DCBC1}.Release|Any CPU.ActiveCfg = Release|Any CPU
		{6C1D47E1-ADE8-4D4B-9C00-A6CEF93DCBC1}.Release|Any CPU.Build.0 = Release|Any CPU
		{0C7D30AD-1E5B-4A0F-86FB-ED5B254C6DB4}.Debug|Any CPU.ActiveCfg = Debug|Any CPU
		{0C7D30AD-1E5B-4A0F-86FB-ED5B254C6DB4}.Debug|Any CPU.Build.0 = Debug|Any CPU
		{0C7D30AD-1E5B-4A0F-86FB-ED5B254C6DB4}.Release|Any CPU.ActiveCfg = Release|Any CPU
		{0C7D30AD-1E5B-4A0F-86FB-ED5B254C6DB4}.Release|Any CPU.Build.0 = Release|Any CPU
	EndGlobalSection
	GlobalSection(SolutionProperties) = preSolution
		HideSolutionNode = FALSE
	EndGlobalSection
	GlobalSection(ExtensibilityGlobals) = postSolution
		SolutionGuid = {C132434F-0F2A-4EE8-81D7-E72C5FCE6BC0}
	EndGlobalSection
EndGlobal
